
Microsoft Visual Studio Solution File, Format Version 12.00
# Visual Studio Version 17
VisualStudioVersion = 17.3.32804.467
MinimumVisualStudioVersion = 10.0.40219.1
Project("{FAE04EC0-301F-11D3-BF4B-00C04F79EFBC}") = "InPlan.Web", "InPlan.Web\InPlan.Web.csproj", "{D7F847E1-607E-4A77-B535-E2F7DD409FED}"
EndProject
Global
	GlobalSection(SolutionConfigurationPlatforms) = preSolution
		Debug|Any CPU = Debug|Any CPU
		Release|Any CPU = Release|Any CPU
	EndGlobalSection
	GlobalSection(ProjectConfigurationPlatforms) = postSolution
		{D7F847E1-607E-4A77-B535-E2F7DD409FED}.Debug|Any CPU.ActiveCfg = Debug|Any CPU
		{D7F847E1-607E-4A77-B535-E2F7DD409FED}.Debug|Any CPU.Build.0 = Debug|Any CPU
		{D7F847E1-607E-4A77-B535-E2F7DD409FED}.Release|Any CPU.ActiveCfg = Release|Any CPU
		{D7F847E1-607E-4A77-B535-E2F7DD409FED}.Release|Any CPU.Build.0 = Release|Any CPU
	EndGlobalSection
	GlobalSection(SolutionProperties) = preSolution
		HideSolutionNode = FALSE
	EndGlobalSection
	GlobalSection(ExtensibilityGlobals) = postSolution
		SolutionGuid = {967A2CC6-11F3-49E9-9CFC-06AA25321020}
	EndGlobalSection
EndGlobal
